
Microsoft Visual Studio Solution File, Format Version 12.00
# Visual Studio Version 17
VisualStudioVersion = 17.13.35828.75
MinimumVisualStudioVersion = 10.0.40219.1
Project("{FAE04EC0-301F-11D3-BF4B-00C04F79EFBC}") = "PayrollManagement", "PayrollManagement\PayrollManagement.csproj", "{4BA113C6-3481-42CE-85B7-836AEB353334}"
EndProject
Project("{FAE04EC0-301F-11D3-BF4B-00C04F79EFBC}") = "PayXpert.Tests", "PayXpert.Tests\PayXpert.Tests.csproj", "{467C73B8-71A0-4A88-8AFC-71977021ED1D}"
EndProject
Global
	GlobalSection(SolutionConfigurationPlatforms) = preSolution
		Debug|Any CPU = Debug|Any CPU
		Release|Any CPU = Release|Any CPU
	EndGlobalSection
	GlobalSection(ProjectConfigurationPlatforms) = postSolution
		{4BA113C6-3481-42CE-85B7-836AEB353334}.Debug|Any CPU.ActiveCfg = Debug|Any CPU
		{4BA113C6-3481-42CE-85B7-836AEB353334}.Debug|Any CPU.Build.0 = Debug|Any CPU
		{4BA113C6-3481-42CE-85B7-836AEB353334}.Release|Any CPU.ActiveCfg = Release|Any CPU
		{4BA113C6-3481-42CE-85B7-836AEB353334}.Release|Any CPU.Build.0 = Release|Any CPU
		{467C73B8-71A0-4A88-8AFC-71977021ED1D}.Debug|Any CPU.ActiveCfg = Debug|Any CPU
		{467C73B8-71A0-4A88-8AFC-71977021ED1D}.Debug|Any CPU.Build.0 = Debug|Any CPU
		{467C73B8-71A0-4A88-8AFC-71977021ED1D}.Release|Any CPU.ActiveCfg = Release|Any CPU
		{467C73B8-71A0-4A88-8AFC-71977021ED1D}.Release|Any CPU.Build.0 = Release|Any CPU
	EndGlobalSection
	GlobalSection(SolutionProperties) = preSolution
		HideSolutionNode = FALSE
	EndGlobalSection
	GlobalSection(ExtensibilityGlobals) = postSolution
		SolutionGuid = {BD252BD5-B75D-457F-9D7F-7217E7C24862}
	EndGlobalSection
EndGlobal
